// !$*UTF8*$!
{
	archiveVersion = 1;
	classes = {
	};
	objectVersion = 52;
	objects = {

/* Begin PBXBuildFile section */
		C2AA37AD25DD40CD00EB0A67 /* AppDelegate.swift in Sources */ = {isa = PBXBuildFile; fileRef = C2AA37AC25DD40CD00EB0A67 /* AppDelegate.swift */; };
		C2AA37AF25DD40CD00EB0A67 /* SceneDelegate.swift in Sources */ = {isa = PBXBuildFile; fileRef = C2AA37AE25DD40CD00EB0A67 /* SceneDelegate.swift */; };
		C2AA37B425DD40CD00EB0A67 /* Main.storyboard in Resources */ = {isa = PBXBuildFile; fileRef = C2AA37B225DD40CD00EB0A67 /* Main.storyboard */; };
		C2AA37B625DD40CE00EB0A67 /* Assets.xcassets in Resources */ = {isa = PBXBuildFile; fileRef = C2AA37B525DD40CE00EB0A67 /* Assets.xcassets */; };
		C2AA37B925DD40CE00EB0A67 /* LaunchScreen.storyboard in Resources */ = {isa = PBXBuildFile; fileRef = C2AA37B725DD40CE00EB0A67 /* LaunchScreen.storyboard */; };
		C2AA37C825DD43C100EB0A67 /* TasksListTableViewController.swift in Sources */ = {isa = PBXBuildFile; fileRef = C2AA37C725DD43C100EB0A67 /* TasksListTableViewController.swift */; };
		C2AA37CC25DD43DF00EB0A67 /* IndividualTaskTableViewController.swift in Sources */ = {isa = PBXBuildFile; fileRef = C2AA37CB25DD43DF00EB0A67 /* IndividualTaskTableViewController.swift */; };
		C2AA37D025DD443D00EB0A67 /* Task.swift in Sources */ = {isa = PBXBuildFile; fileRef = C2AA37CF25DD443D00EB0A67 /* Task.swift */; };
		C2AA37D425DD444B00EB0A67 /* TasksList.swift in Sources */ = {isa = PBXBuildFile; fileRef = C2AA37D325DD444B00EB0A67 /* TasksList.swift */; };
		C2AA37D825DD46EB00EB0A67 /* StorageManager.swift in Sources */ = {isa = PBXBuildFile; fileRef = C2AA37D725DD46EB00EB0A67 /* StorageManager.swift */; };
		C2B9196125DE5A9700AED060 /* RealmSwift in Frameworks */ = {isa = PBXBuildFile; productRef = C2B9196025DE5A9700AED060 /* RealmSwift */; };
		C2B9196325DE5A9700AED060 /* Realm in Frameworks */ = {isa = PBXBuildFile; productRef = C2B9196225DE5A9700AED060 /* Realm */; };
/* End PBXBuildFile section */

/* Begin PBXFileReference section */
		C2AA37A925DD40CD00EB0A67 /* RealmApp.app */ = {isa = PBXFileReference; explicitFileType = wrapper.application; includeInIndex = 0; path = RealmApp.app; sourceTree = BUILT_PRODUCTS_DIR; };
		C2AA37AC25DD40CD00EB0A67 /* AppDelegate.swift */ = {isa = PBXFileReference; lastKnownFileType = sourcecode.swift; path = AppDelegate.swift; sourceTree = "<group>"; };
		C2AA37AE25DD40CD00EB0A67 /* SceneDelegate.swift */ = {isa = PBXFileReference; lastKnownFileType = sourcecode.swift; path = SceneDelegate.swift; sourceTree = "<group>"; };
		C2AA37B325DD40CD00EB0A67 /* Base */ = {isa = PBXFileReference; lastKnownFileType = file.storyboard; name = Base; path = Base.lproj/Main.storyboard; sourceTree = "<group>"; };
		C2AA37B525DD40CE00EB0A67 /* Assets.xcassets */ = {isa = PBXFileReference; lastKnownFileType = folder.assetcatalog; path = Assets.xcassets; sourceTree = "<group>"; };
		C2AA37B825DD40CE00EB0A67 /* Base */ = {isa = PBXFileReference; lastKnownFileType = file.storyboard; name = Base; path = Base.lproj/LaunchScreen.storyboard; sourceTree = "<group>"; };
		C2AA37BA25DD40CE00EB0A67 /* Info.plist */ = {isa = PBXFileReference; lastKnownFileType = text.plist.xml; path = Info.plist; sourceTree = "<group>"; };
		C2AA37C725DD43C100EB0A67 /* TasksListTableViewController.swift */ = {isa = PBXFileReference; lastKnownFileType = sourcecode.swift; path = TasksListTableViewController.swift; sourceTree = "<group>"; };
		C2AA37CB25DD43DF00EB0A67 /* IndividualTaskTableViewController.swift */ = {isa = PBXFileReference; lastKnownFileType = sourcecode.swift; path = IndividualTaskTableViewController.swift; sourceTree = "<group>"; };
		C2AA37CF25DD443D00EB0A67 /* Task.swift */ = {isa = PBXFileReference; lastKnownFileType = sourcecode.swift; path = Task.swift; sourceTree = "<group>"; };
		C2AA37D325DD444B00EB0A67 /* TasksList.swift */ = {isa = PBXFileReference; lastKnownFileType = sourcecode.swift; path = TasksList.swift; sourceTree = "<group>"; };
		C2AA37D725DD46EB00EB0A67 /* StorageManager.swift */ = {isa = PBXFileReference; lastKnownFileType = sourcecode.swift; path = StorageManager.swift; sourceTree = "<group>"; };
		C2B9195D25DE5A0F00AED060 /* realm-cocoa */ = {isa = PBXFileReference; lastKnownFileType = folder; name = "realm-cocoa"; path = "../../../../../.Trash/realm-cocoa"; sourceTree = "<group>"; };
/* End PBXFileReference section */

/* Begin PBXFrameworksBuildPhase section */
		C2AA37A625DD40CD00EB0A67 /* Frameworks */ = {
			isa = PBXFrameworksBuildPhase;
			buildActionMask = 2147483647;
			files = (
				C2B9196325DE5A9700AED060 /* Realm in Frameworks */,
				C2B9196125DE5A9700AED060 /* RealmSwift in Frameworks */,
			);
			runOnlyForDeploymentPostprocessing = 0;
		};
/* End PBXFrameworksBuildPhase section */

/* Begin PBXGroup section */
		C2AA37A025DD40CD00EB0A67 = {
			isa = PBXGroup;
			children = (
				C2AA37AB25DD40CD00EB0A67 /* RealmApp */,
				C2AA37AA25DD40CD00EB0A67 /* Products */,
			);
			sourceTree = "<group>";
		};
		C2AA37AA25DD40CD00EB0A67 /* Products */ = {
			isa = PBXGroup;
			children = (
				C2AA37A925DD40CD00EB0A67 /* RealmApp.app */,
			);
			name = Products;
			sourceTree = "<group>";
		};
		C2AA37AB25DD40CD00EB0A67 /* RealmApp */ = {
			isa = PBXGroup;
			children = (
				C2AA37D625DD46CA00EB0A67 /* StorageManager */,
				C2AA37CE25DD442B00EB0A67 /* Model */,
				C2AA37C225DD430700EB0A67 /* Controllers */,
				C2AA37C425DD431200EB0A67 /* AppDelegate */,
				C2AA37C625DD431F00EB0A67 /* View */,
				C2AA37B525DD40CE00EB0A67 /* Assets.xcassets */,
				C2AA37BA25DD40CE00EB0A67 /* Info.plist */,
				C2B9195D25DE5A0F00AED060 /* realm-cocoa */,
			);
			path = RealmApp;
			sourceTree = "<group>";
		};
		C2AA37C225DD430700EB0A67 /* Controllers */ = {
			isa = PBXGroup;
			children = (
				C2AA37C725DD43C100EB0A67 /* TasksListTableViewController.swift */,
				C2AA37CB25DD43DF00EB0A67 /* IndividualTaskTableViewController.swift */,
			);
			path = Controllers;
			sourceTree = "<group>";
		};
		C2AA37C425DD431200EB0A67 /* AppDelegate */ = {
			isa = PBXGroup;
			children = (
				C2AA37AC25DD40CD00EB0A67 /* AppDelegate.swift */,
				C2AA37AE25DD40CD00EB0A67 /* SceneDelegate.swift */,
			);
			path = AppDelegate;
			sourceTree = "<group>";
		};
		C2AA37C625DD431F00EB0A67 /* View */ = {
			isa = PBXGroup;
			children = (
				C2AA37B225DD40CD00EB0A67 /* Main.storyboard */,
				C2AA37B725DD40CE00EB0A67 /* LaunchScreen.storyboard */,
			);
			path = View;
			sourceTree = "<group>";
		};
		C2AA37CE25DD442B00EB0A67 /* Model */ = {
			isa = PBXGroup;
			children = (
				C2AA37CF25DD443D00EB0A67 /* Task.swift */,
				C2AA37D325DD444B00EB0A67 /* TasksList.swift */,
			);
			path = Model;
			sourceTree = "<group>";
		};
		C2AA37D625DD46CA00EB0A67 /* StorageManager */ = {
			isa = PBXGroup;
			children = (
				C2AA37D725DD46EB00EB0A67 /* StorageManager.swift */,
			);
			path = StorageManager;
			sourceTree = "<group>";
		};
/* End PBXGroup section */

/* Begin PBXNativeTarget section */
		C2AA37A825DD40CD00EB0A67 /* RealmApp */ = {
			isa = PBXNativeTarget;
			buildConfigurationList = C2AA37BD25DD40CE00EB0A67 /* Build configuration list for PBXNativeTarget "RealmApp" */;
			buildPhases = (
				C2AA37A525DD40CD00EB0A67 /* Sources */,
				C2AA37A625DD40CD00EB0A67 /* Frameworks */,
				C2AA37A725DD40CD00EB0A67 /* Resources */,
			);
			buildRules = (
			);
			dependencies = (
			);
			name = RealmApp;
			packageProductDependencies = (
				C2B9196025DE5A9700AED060 /* RealmSwift */,
				C2B9196225DE5A9700AED060 /* Realm */,
			);
			productName = RealmApp;
			productReference = C2AA37A925DD40CD00EB0A67 /* RealmApp.app */;
			productType = "com.apple.product-type.application";
		};
/* End PBXNativeTarget section */

/* Begin PBXProject section */
		C2AA37A125DD40CD00EB0A67 /* Project object */ = {
			isa = PBXProject;
			attributes = {
				LastSwiftUpdateCheck = 1230;
				LastUpgradeCheck = 1230;
				TargetAttributes = {
					C2AA37A825DD40CD00EB0A67 = {
						CreatedOnToolsVersion = 12.3;
					};
				};
			};
			buildConfigurationList = C2AA37A425DD40CD00EB0A67 /* Build configuration list for PBXProject "RealmApp" */;
			compatibilityVersion = "Xcode 9.3";
			developmentRegion = en;
			hasScannedForEncodings = 0;
			knownRegions = (
				en,
				Base,
			);
			mainGroup = C2AA37A025DD40CD00EB0A67;
			packageReferences = (
				C2B9195F25DE5A9700AED060 /* XCRemoteSwiftPackageReference "realm-cocoa" */,
			);
			productRefGroup = C2AA37AA25DD40CD00EB0A67 /* Products */;
			projectDirPath = "";
			projectRoot = "";
			targets = (
				C2AA37A825DD40CD00EB0A67 /* RealmApp */,
			);
		};
/* End PBXProject section */

/* Begin PBXResourcesBuildPhase section */
		C2AA37A725DD40CD00EB0A67 /* Resources */ = {
			isa = PBXResourcesBuildPhase;
			buildActionMask = 2147483647;
			files = (
				C2AA37B925DD40CE00EB0A67 /* LaunchScreen.storyboard in Resources */,
				C2AA37B625DD40CE00EB0A67 /* Assets.xcassets in Resources */,
				C2AA37B425DD40CD00EB0A67 /* Main.storyboard in Resources */,
			);
			runOnlyForDeploymentPostprocessing = 0;
		};
/* End PBXResourcesBuildPhase section */

/* Begin PBXSourcesBuildPhase section */
		C2AA37A525DD40CD00EB0A67 /* Sources */ = {
			isa = PBXSourcesBuildPhase;
			buildActionMask = 2147483647;
			files = (
				C2AA37D425DD444B00EB0A67 /* TasksList.swift in Sources */,
				C2AA37AD25DD40CD00EB0A67 /* AppDelegate.swift in Sources */,
				C2AA37CC25DD43DF00EB0A67 /* IndividualTaskTableViewController.swift in Sources */,
				C2AA37D825DD46EB00EB0A67 /* StorageManager.swift in Sources */,
				C2AA37D025DD443D00EB0A67 /* Task.swift in Sources */,
				C2AA37AF25DD40CD00EB0A67 /* SceneDelegate.swift in Sources */,
				C2AA37C825DD43C100EB0A67 /* TasksListTableViewController.swift in Sources */,
			);
			runOnlyForDeploymentPostprocessing = 0;
		};
/* End PBXSourcesBuildPhase section */

/* Begin PBXVariantGroup section */
		C2AA37B225DD40CD00EB0A67 /* Main.storyboard */ = {
			isa = PBXVariantGroup;
			children = (
				C2AA37B325DD40CD00EB0A67 /* Base */,
			);
			name = Main.storyboard;
			sourceTree = "<group>";
		};
		C2AA37B725DD40CE00EB0A67 /* LaunchScreen.storyboard */ = {
			isa = PBXVariantGroup;
			children = (
				C2AA37B825DD40CE00EB0A67 /* Base */,
			);
			name = LaunchScreen.storyboard;
			sourceTree = "<group>";
		};
/* End PBXVariantGroup section */

/* Begin XCBuildConfiguration section */
		C2AA37BB25DD40CE00EB0A67 /* Debug */ = {
			isa = XCBuildConfiguration;
			buildSettings = {
				ALWAYS_SEARCH_USER_PATHS = NO;
				CLANG_ANALYZER_NONNULL = YES;
				CLANG_ANALYZER_NUMBER_OBJECT_CONVERSION = YES_AGGRESSIVE;
				CLANG_CXX_LANGUAGE_STANDARD = "gnu++14";
				CLANG_CXX_LIBRARY = "libc++";
				CLANG_ENABLE_MODULES = YES;
				CLANG_ENABLE_OBJC_ARC = YES;
				CLANG_ENABLE_OBJC_WEAK = YES;
				CLANG_WARN_BLOCK_CAPTURE_AUTORELEASING = YES;
				CLANG_WARN_BOOL_CONVERSION = YES;
				CLANG_WARN_COMMA = YES;
				CLANG_WARN_CONSTANT_CONVERSION = YES;
				CLANG_WARN_DEPRECATED_OBJC_IMPLEMENTATIONS = YES;
				CLANG_WARN_DIRECT_OBJC_ISA_USAGE = YES_ERROR;
				CLANG_WARN_DOCUMENTATION_COMMENTS = YES;
				CLANG_WARN_EMPTY_BODY = YES;
				CLANG_WARN_ENUM_CONVERSION = YES;
				CLANG_WARN_INFINITE_RECURSION = YES;
				CLANG_WARN_INT_CONVERSION = YES;
				CLANG_WARN_NON_LITERAL_NULL_CONVERSION = YES;
				CLANG_WARN_OBJC_IMPLICIT_RETAIN_SELF = YES;
				CLANG_WARN_OBJC_LITERAL_CONVERSION = YES;
				CLANG_WARN_OBJC_ROOT_CLASS = YES_ERROR;
				CLANG_WARN_QUOTED_INCLUDE_IN_FRAMEWORK_HEADER = YES;
				CLANG_WARN_RANGE_LOOP_ANALYSIS = YES;
				CLANG_WARN_STRICT_PROTOTYPES = YES;
				CLANG_WARN_SUSPICIOUS_MOVE = YES;
				CLANG_WARN_UNGUARDED_AVAILABILITY = YES_AGGRESSIVE;
				CLANG_WARN_UNREACHABLE_CODE = YES;
				CLANG_WARN__DUPLICATE_METHOD_MATCH = YES;
				COPY_PHASE_STRIP = NO;
				DEBUG_INFORMATION_FORMAT = dwarf;
				ENABLE_STRICT_OBJC_MSGSEND = YES;
				ENABLE_TESTABILITY = YES;
				GCC_C_LANGUAGE_STANDARD = gnu11;
				GCC_DYNAMIC_NO_PIC = NO;
				GCC_NO_COMMON_BLOCKS = YES;
				GCC_OPTIMIZATION_LEVEL = 0;
				GCC_PREPROCESSOR_DEFINITIONS = (
					"DEBUG=1",
					"$(inherited)",
				);
				GCC_WARN_64_TO_32_BIT_CONVERSION = YES;
				GCC_WARN_ABOUT_RETURN_TYPE = YES_ERROR;
				GCC_WARN_UNDECLARED_SELECTOR = YES;
				GCC_WARN_UNINITIALIZED_AUTOS = YES_AGGRESSIVE;
				GCC_WARN_UNUSED_FUNCTION = YES;
				GCC_WARN_UNUSED_VARIABLE = YES;
				IPHONEOS_DEPLOYMENT_TARGET = 14.3;
				MTL_ENABLE_DEBUG_INFO = INCLUDE_SOURCE;
				MTL_FAST_MATH = YES;
				ONLY_ACTIVE_ARCH = YES;
				SDKROOT = iphoneos;
				SWIFT_ACTIVE_COMPILATION_CONDITIONS = DEBUG;
				SWIFT_OPTIMIZATION_LEVEL = "-Onone";
			};
			name = Debug;
		};
		C2AA37BC25DD40CE00EB0A67 /* Release */ = {
			isa = XCBuildConfiguration;
			buildSettings = {
				ALWAYS_SEARCH_USER_PATHS = NO;
				CLANG_ANALYZER_NONNULL = YES;
				CLANG_ANALYZER_NUMBER_OBJECT_CONVERSION = YES_AGGRESSIVE;
				CLANG_CXX_LANGUAGE_STANDARD = "gnu++14";
				CLANG_CXX_LIBRARY = "libc++";
				CLANG_ENABLE_MODULES = YES;
				CLANG_ENABLE_OBJC_ARC = YES;
				CLANG_ENABLE_OBJC_WEAK = YES;
				CLANG_WARN_BLOCK_CAPTURE_AUTORELEASING = YES;
				CLANG_WARN_BOOL_CONVERSION = YES;
				CLANG_WARN_COMMA = YES;
				CLANG_WARN_CONSTANT_CONVERSION = YES;
				CLANG_WARN_DEPRECATED_OBJC_IMPLEMENTATIONS = YES;
				CLANG_WARN_DIRECT_OBJC_ISA_USAGE = YES_ERROR;
				CLANG_WARN_DOCUMENTATION_COMMENTS = YES;
				CLANG_WARN_EMPTY_BODY = YES;
				CLANG_WARN_ENUM_CONVERSION = YES;
				CLANG_WARN_INFINITE_RECURSION = YES;
				CLANG_WARN_INT_CONVERSION = YES;
				CLANG_WARN_NON_LITERAL_NULL_CONVERSION = YES;
				CLANG_WARN_OBJC_IMPLICIT_RETAIN_SELF = YES;
				CLANG_WARN_OBJC_LITERAL_CONVERSION = YES;
				CLANG_WARN_OBJC_ROOT_CLASS = YES_ERROR;
				CLANG_WARN_QUOTED_INCLUDE_IN_FRAMEWORK_HEADER = YES;
				CLANG_WARN_RANGE_LOOP_ANALYSIS = YES;
				CLANG_WARN_STRICT_PROTOTYPES = YES;
				CLANG_WARN_SUSPICIOUS_MOVE = YES;
				CLANG_WARN_UNGUARDED_AVAILABILITY = YES_AGGRESSIVE;
				CLANG_WARN_UNREACHABLE_CODE = YES;
				CLANG_WARN__DUPLICATE_METHOD_MATCH = YES;
				COPY_PHASE_STRIP = NO;
				DEBUG_INFORMATION_FORMAT = "dwarf-with-dsym";
				ENABLE_NS_ASSERTIONS = NO;
				ENABLE_STRICT_OBJC_MSGSEND = YES;
				GCC_C_LANGUAGE_STANDARD = gnu11;
				GCC_NO_COMMON_BLOCKS = YES;
				GCC_WARN_64_TO_32_BIT_CONVERSION = YES;
				GCC_WARN_ABOUT_RETURN_TYPE = YES_ERROR;
				GCC_WARN_UNDECLARED_SELECTOR = YES;
				GCC_WARN_UNINITIALIZED_AUTOS = YES_AGGRESSIVE;
				GCC_WARN_UNUSED_FUNCTION = YES;
				GCC_WARN_UNUSED_VARIABLE = YES;
				IPHONEOS_DEPLOYMENT_TARGET = 14.3;
				MTL_ENABLE_DEBUG_INFO = NO;
				MTL_FAST_MATH = YES;
				SDKROOT = iphoneos;
				SWIFT_COMPILATION_MODE = wholemodule;
				SWIFT_OPTIMIZATION_LEVEL = "-O";
				VALIDATE_PRODUCT = YES;
			};
			name = Release;
		};
		C2AA37BE25DD40CE00EB0A67 /* Debug */ = {
			isa = XCBuildConfiguration;
			buildSettings = {
				ASSETCATALOG_COMPILER_APPICON_NAME = AppIcon;
				ASSETCATALOG_COMPILER_GLOBAL_ACCENT_COLOR_NAME = AccentColor;
				CODE_SIGN_STYLE = Automatic;
				INFOPLIST_FILE = RealmApp/Info.plist;
				LD_RUNPATH_SEARCH_PATHS = (
					"$(inherited)",
					"@executable_path/Frameworks",
				);
				PRODUCT_BUNDLE_IDENTIFIER = lv.accenture.bootcamp.RealmApp;
				PRODUCT_NAME = "$(TARGET_NAME)";
				SWIFT_VERSION = 5.0;
				TARGETED_DEVICE_FAMILY = "1,2";
			};
			name = Debug;
		};
		C2AA37BF25DD40CE00EB0A67 /* Release */ = {
			isa = XCBuildConfiguration;
			buildSettings = {
				ASSETCATALOG_COMPILER_APPICON_NAME = AppIcon;
				ASSETCATALOG_COMPILER_GLOBAL_ACCENT_COLOR_NAME = AccentColor;
				CODE_SIGN_STYLE = Automatic;
				INFOPLIST_FILE = RealmApp/Info.plist;
				LD_RUNPATH_SEARCH_PATHS = (
					"$(inherited)",
					"@executable_path/Frameworks",
				);
				PRODUCT_BUNDLE_IDENTIFIER = lv.accenture.bootcamp.RealmApp;
				PRODUCT_NAME = "$(TARGET_NAME)";
				SWIFT_VERSION = 5.0;
				TARGETED_DEVICE_FAMILY = "1,2";
			};
			name = Release;
		};
/* End XCBuildConfiguration section */

/* Begin XCConfigurationList section */
		C2AA37A425DD40CD00EB0A67 /* Build configuration list for PBXProject "RealmApp" */ = {
			isa = XCConfigurationList;
			buildConfigurations = (
				C2AA37BB25DD40CE00EB0A67 /* Debug */,
				C2AA37BC25DD40CE00EB0A67 /* Release */,
			);
			defaultConfigurationIsVisible = 0;
			defaultConfigurationName = Release;
		};
		C2AA37BD25DD40CE00EB0A67 /* Build configuration list for PBXNativeTarget "RealmApp" */ = {
			isa = XCConfigurationList;
			buildConfigurations = (
				C2AA37BE25DD40CE00EB0A67 /* Debug */,
				C2AA37BF25DD40CE00EB0A67 /* Release */,
			);
			defaultConfigurationIsVisible = 0;
			defaultConfigurationName = Release;
		};
/* End XCConfigurationList section */

/* Begin XCRemoteSwiftPackageReference section */
		C2B9195F25DE5A9700AED060 /* XCRemoteSwiftPackageReference "realm-cocoa" */ = {
			isa = XCRemoteSwiftPackageReference;
			repositoryURL = "https://github.com/realm/realm-cocoa";
			requirement = {
				kind = upToNextMajorVersion;
				minimumVersion = 10.6.0;
			};
		};
/* End XCRemoteSwiftPackageReference section */

/* Begin XCSwiftPackageProductDependency section */
		C2B9196025DE5A9700AED060 /* RealmSwift */ = {
			isa = XCSwiftPackageProductDependency;
			package = C2B9195F25DE5A9700AED060 /* XCRemoteSwiftPackageReference "realm-cocoa" */;
			productName = RealmSwift;
		};
		C2B9196225DE5A9700AED060 /* Realm */ = {
			isa = XCSwiftPackageProductDependency;
			package = C2B9195F25DE5A9700AED060 /* XCRemoteSwiftPackageReference "realm-cocoa" */;
			productName = Realm;
		};
/* End XCSwiftPackageProductDependency section */
	};
	rootObject = C2AA37A125DD40CD00EB0A67 /* Project object */;
}
